
Microsoft Visual Studio Solution File, Format Version 12.00
# Visual Studio 15
VisualStudioVersion = 15.0.26430.15
MinimumVisualStudioVersion = 10.0.40219.1
Project("{2150E333-8FDC-42A3-9474-1A3956D46DE8}") = "Native", "Native", "{5D290B69-83E1-4FF5-9218-61864989B879}"
EndProject
Project("{2150E333-8FDC-42A3-9474-1A3956D46DE8}") = "Demo", "Demo", "{44C3FE0B-59BA-4941-95DB-68037305C4B1}"
EndProject
Project("{8BC9CEB8-8B4A-11D0-8D11-00A0C91BC942}") = "cairo", "Native\projects\cairo\cairo.vcxproj", "{4AA3435B-C3E8-4231-8CFA-17FB0C20BBBD}"
	ProjectSection(ProjectDependencies) = postProject
		{C9B5D82C-9367-44EA-881E-65AB29969616} = {C9B5D82C-9367-44EA-881E-65AB29969616}
		{C0E161AA-D628-419A-9B78-E1CE2B596FAB} = {C0E161AA-D628-419A-9B78-E1CE2B596FAB}
		{78B079BD-9FC7-4B9E-B4A6-96DA0F00248B} = {78B079BD-9FC7-4B9E-B4A6-96DA0F00248B}
		{E987F1F8-5AD6-4893-8672-DF2B8A2CA9DB} = {E987F1F8-5AD6-4893-8672-DF2B8A2CA9DB}
	EndProjectSection
EndProject
Project("{8BC9CEB8-8B4A-11D0-8D11-00A0C91BC942}") = "libpng", "Native\projects\libpng\libpng.vcxproj", "{C9B5D82C-9367-44EA-881E-65AB29969616}"
EndProject
Project("{8BC9CEB8-8B4A-11D0-8D11-00A0C91BC942}") = "pixman", "Native\projects\pixman\pixman.vcxproj", "{C0E161AA-D628-419A-9B78-E1CE2B596FAB}"
EndProject
Project("{8BC9CEB8-8B4A-11D0-8D11-00A0C91BC942}") = "zlib", "Native\projects\zlib\zlib.vcxproj", "{E987F1F8-5AD6-4893-8672-DF2B8A2CA9DB}"
EndProject
Project("{8BC9CEB8-8B4A-11D0-8D11-00A0C91BC942}") = "freetype", "Native\freetype\builds\windows\vc2013\freetype.vcxproj", "{78B079BD-9FC7-4B9E-B4A6-96DA0F00248B}"
EndProject
Project("{9A19103F-16F7-4668-BE54-9A1E7A4F7556}") = "DrawToPngDemo", "Demo\DrawToPngDemo\DrawToPngDemo.csproj", "{741995C8-4C24-4829-A51D-96921B73B257}"
EndProject
Project("{9A19103F-16F7-4668-BE54-9A1E7A4F7556}") = "Cairo", "Cairo\Cairo.csproj", "{85035815-F858-484C-BBBF-BAD2DB2BEB93}"
EndProject
Global
	GlobalSection(SolutionConfigurationPlatforms) = preSolution
		Debug|Any CPU = Debug|Any CPU
		Debug|ARM = Debug|ARM
		Debug|Mixed Platforms = Debug|Mixed Platforms
		Debug|Win32 = Debug|Win32
		Debug|x64 = Debug|x64
		Debug|x86 = Debug|x86
		Release|Any CPU = Release|Any CPU
		Release|ARM = Release|ARM
		Release|Mixed Platforms = Release|Mixed Platforms
		Release|Win32 = Release|Win32
		Release|x64 = Release|x64
		Release|x86 = Release|x86
	EndGlobalSection
	GlobalSection(ProjectConfigurationPlatforms) = postSolution
		{4AA3435B-C3E8-4231-8CFA-17FB0C20BBBD}.Debug|Any CPU.ActiveCfg = Debug|Win32
		{4AA3435B-C3E8-4231-8CFA-17FB0C20BBBD}.Debug|Any CPU.Build.0 = Debug|Win32
		{4AA3435B-C3E8-4231-8CFA-17FB0C20BBBD}.Debug|ARM.ActiveCfg = Debug|Win32
		{4AA3435B-C3E8-4231-8CFA-17FB0C20BBBD}.Debug|Mixed Platforms.ActiveCfg = Debug|Win32
		{4AA3435B-C3E8-4231-8CFA-17FB0C20BBBD}.Debug|Mixed Platforms.Build.0 = Debug|Win32
		{4AA3435B-C3E8-4231-8CFA-17FB0C20BBBD}.Debug|Win32.ActiveCfg = Debug|Win32
		{4AA3435B-C3E8-4231-8CFA-17FB0C20BBBD}.Debug|Win32.Build.0 = Debug|Win32
		{4AA3435B-C3E8-4231-8CFA-17FB0C20BBBD}.Debug|x64.ActiveCfg = Debug|x64
		{4AA3435B-C3E8-4231-8CFA-17FB0C20BBBD}.Debug|x64.Build.0 = Debug|x64
		{4AA3435B-C3E8-4231-8CFA-17FB0C20BBBD}.Debug|x86.ActiveCfg = Debug|Win32
		{4AA3435B-C3E8-4231-8CFA-17FB0C20BBBD}.Debug|x86.Build.0 = Debug|Win32
		{4AA3435B-C3E8-4231-8CFA-17FB0C20BBBD}.Release|Any CPU.ActiveCfg = Release|Win32
		{4AA3435B-C3E8-4231-8CFA-17FB0C20BBBD}.Release|Any CPU.Build.0 = Release|Win32
		{4AA3435B-C3E8-4231-8CFA-17FB0C20BBBD}.Release|ARM.ActiveCfg = Release|Win32
		{4AA3435B-C3E8-4231-8CFA-17FB0C20BBBD}.Release|Mixed Platforms.ActiveCfg = Release|Win32
		{4AA3435B-C3E8-4231-8CFA-17FB0C20BBBD}.Release|Mixed Platforms.Build.0 = Release|Win32
		{4AA3435B-C3E8-4231-8CFA-17FB0C20BBBD}.Release|Win32.ActiveCfg = Release|Win32
		{4AA3435B-C3E8-4231-8CFA-17FB0C20BBBD}.Release|Win32.Build.0 = Release|Win32
		{4AA3435B-C3E8-4231-8CFA-17FB0C20BBBD}.Release|x64.ActiveCfg = Release|Win32
		{4AA3435B-C3E8-4231-8CFA-17FB0C20BBBD}.Release|x86.ActiveCfg = Release|Win32
		{4AA3435B-C3E8-4231-8CFA-17FB0C20BBBD}.Release|x86.Build.0 = Release|Win32
		{C9B5D82C-9367-44EA-881E-65AB29969616}.Debug|Any CPU.ActiveCfg = Debug|Win32
		{C9B5D82C-9367-44EA-881E-65AB29969616}.Debug|Any CPU.Build.0 = Debug|Win32
		{C9B5D82C-9367-44EA-881E-65AB29969616}.Debug|ARM.ActiveCfg = Debug|Win32
		{C9B5D82C-9367-44EA-881E-65AB29969616}.Debug|Mixed Platforms.ActiveCfg = Debug|Win32
		{C9B5D82C-9367-44EA-881E-65AB29969616}.Debug|Mixed Platforms.Build.0 = Debug|Win32
		{C9B5D82C-9367-44EA-881E-65AB29969616}.Debug|Win32.ActiveCfg = Debug|Win32
		{C9B5D82C-9367-44EA-881E-65AB29969616}.Debug|Win32.Build.0 = Debug|Win32
		{C9B5D82C-9367-44EA-881E-65AB29969616}.Debug|x64.ActiveCfg = Debug|x64
		{C9B5D82C-9367-44EA-881E-65AB29969616}.Debug|x64.Build.0 = Debug|x64
		{C9B5D82C-9367-44EA-881E-65AB29969616}.Debug|x86.ActiveCfg = Debug|Win32
		{C9B5D82C-9367-44EA-881E-65AB29969616}.Debug|x86.Build.0 = Debug|Win32
		{C9B5D82C-9367-44EA-881E-65AB29969616}.Release|Any CPU.ActiveCfg = Release|Win32
		{C9B5D82C-9367-44EA-881E-65AB29969616}.Release|Any CPU.Build.0 = Release|Win32
		{C9B5D82C-9367-44EA-881E-65AB29969616}.Release|ARM.ActiveCfg = Release|Win32
		{C9B5D82C-9367-44EA-881E-65AB29969616}.Release|Mixed Platforms.ActiveCfg = Release|Win32
		{C9B5D82C-9367-44EA-881E-65AB29969616}.Release|Mixed Platforms.Build.0 = Release|Win32
		{C9B5D82C-9367-44EA-881E-65AB29969616}.Release|Win32.ActiveCfg = Release|Win32
		{C9B5D82C-9367-44EA-881E-65AB29969616}.Release|Win32.Build.0 = Release|Win32
		{C9B5D82C-9367-44EA-881E-65AB29969616}.Release|x64.ActiveCfg = Release|Win32
		{C9B5D82C-9367-44EA-881E-65AB29969616}.Release|x86.ActiveCfg = Release|Win32
		{C9B5D82C-9367-44EA-881E-65AB29969616}.Release|x86.Build.0 = Release|Win32
		{C0E161AA-D628-419A-9B78-E1CE2B596FAB}.Debug|Any CPU.ActiveCfg = Debug|Win32
		{C0E161AA-D628-419A-9B78-E1CE2B596FAB}.Debug|Any CPU.Build.0 = Debug|Win32
		{C0E161AA-D628-419A-9B78-E1CE2B596FAB}.Debug|ARM.ActiveCfg = Debug|Win32
		{C0E161AA-D628-419A-9B78-E1CE2B596FAB}.Debug|Mixed Platforms.ActiveCfg = Debug|Win32
		{C0E161AA-D628-419A-9B78-E1CE2B596FAB}.Debug|Mixed Platforms.Build.0 = Debug|Win32
		{C0E161AA-D628-419A-9B78-E1CE2B596FAB}.Debug|Win32.ActiveCfg = Debug|Win32
		{C0E161AA-D628-419A-9B78-E1CE2B596FAB}.Debug|Win32.Build.0 = Debug|Win32
		{C0E161AA-D628-419A-9B78-E1CE2B596FAB}.Debug|x64.ActiveCfg = Debug|x64
		{C0E161AA-D628-419A-9B78-E1CE2B596FAB}.Debug|x64.Build.0 = Debug|x64
		{C0E161AA-D628-419A-9B78-E1CE2B596FAB}.Debug|x86.ActiveCfg = Debug|Win32
		{C0E161AA-D628-419A-9B78-E1CE2B596FAB}.Debug|x86.Build.0 = Debug|Win32
		{C0E161AA-D628-419A-9B78-E1CE2B596FAB}.Release|Any CPU.ActiveCfg = Release|Win32
		{C0E161AA-D628-419A-9B78-E1CE2B596FAB}.Release|Any CPU.Build.0 = Release|Win32
		{C0E161AA-D628-419A-9B78-E1CE2B596FAB}.Release|ARM.ActiveCfg = Release|Win32
		{C0E161AA-D628-419A-9B78-E1CE2B596FAB}.Release|Mixed Platforms.ActiveCfg = Release|Win32
		{C0E161AA-D628-419A-9B78-E1CE2B596FAB}.Release|Mixed Platforms.Build.0 = Release|Win32
		{C0E161AA-D628-419A-9B78-E1CE2B596FAB}.Release|Win32.ActiveCfg = Release|Win32
		{C0E161AA-D628-419A-9B78-E1CE2B596FAB}.Release|Win32.Build.0 = Release|Win32
		{C0E161AA-D628-419A-9B78-E1CE2B596FAB}.Release|x64.ActiveCfg = Release|Win32
		{C0E161AA-D628-419A-9B78-E1CE2B596FAB}.Release|x86.ActiveCfg = Release|Win32
		{C0E161AA-D628-419A-9B78-E1CE2B596FAB}.Release|x86.Build.0 = Release|Win32
		{E987F1F8-5AD6-4893-8672-DF2B8A2CA9DB}.Debug|Any CPU.ActiveCfg = Debug|Win32
		{E987F1F8-5AD6-4893-8672-DF2B8A2CA9DB}.Debug|Any CPU.Build.0 = Debug|Win32
		{E987F1F8-5AD6-4893-8672-DF2B8A2CA9DB}.Debug|ARM.ActiveCfg = Debug|Win32
		{E987F1F8-5AD6-4893-8672-DF2B8A2CA9DB}.Debug|Mixed Platforms.ActiveCfg = Debug|Win32
		{E987F1F8-5AD6-4893-8672-DF2B8A2CA9DB}.Debug|Mixed Platforms.Build.0 = Debug|Win32
		{E987F1F8-5AD6-4893-8672-DF2B8A2CA9DB}.Debug|Win32.ActiveCfg = Debug|Win32
		{E987F1F8-5AD6-4893-8672-DF2B8A2CA9DB}.Debug|Win32.Build.0 = Debug|Win32
		{E987F1F8-5AD6-4893-8672-DF2B8A2CA9DB}.Debug|x64.ActiveCfg = Debug|x64
		{E987F1F8-5AD6-4893-8672-DF2B8A2CA9DB}.Debug|x64.Build.0 = Debug|x64
		{E987F1F8-5AD6-4893-8672-DF2B8A2CA9DB}.Debug|x86.ActiveCfg = Debug|Win32
		{E987F1F8-5AD6-4893-8672-DF2B8A2CA9DB}.Debug|x86.Build.0 = Debug|Win32
		{E987F1F8-5AD6-4893-8672-DF2B8A2CA9DB}.Release|Any CPU.ActiveCfg = Release|Win32
		{E987F1F8-5AD6-4893-8672-DF2B8A2CA9DB}.Release|Any CPU.Build.0 = Release|Win32
		{E987F1F8-5AD6-4893-8672-DF2B8A2CA9DB}.Release|ARM.ActiveCfg = Release|Win32
		{E987F1F8-5AD6-4893-8672-DF2B8A2CA9DB}.Release|Mixed Platforms.ActiveCfg = Release|Win32
		{E987F1F8-5AD6-4893-8672-DF2B8A2CA9DB}.Release|Mixed Platforms.Build.0 = Release|Win32
		{E987F1F8-5AD6-4893-8672-DF2B8A2CA9DB}.Release|Win32.ActiveCfg = Release|Win32
		{E987F1F8-5AD6-4893-8672-DF2B8A2CA9DB}.Release|Win32.Build.0 = Release|Win32
		{E987F1F8-5AD6-4893-8672-DF2B8A2CA9DB}.Release|x64.ActiveCfg = Release|Win32
		{E987F1F8-5AD6-4893-8672-DF2B8A2CA9DB}.Release|x86.ActiveCfg = Release|Win32
		{E987F1F8-5AD6-4893-8672-DF2B8A2CA9DB}.Release|x86.Build.0 = Release|Win32
		{78B079BD-9FC7-4B9E-B4A6-96DA0F00248B}.Debug|Any CPU.ActiveCfg = Debug|Win32
		{78B079BD-9FC7-4B9E-B4A6-96DA0F00248B}.Debug|Any CPU.Build.0 = Debug|Win32
		{78B079BD-9FC7-4B9E-B4A6-96DA0F00248B}.Debug|ARM.ActiveCfg = Debug|Win32
		{78B079BD-9FC7-4B9E-B4A6-96DA0F00248B}.Debug|Mixed Platforms.ActiveCfg = Debug|Win32
		{78B079BD-9FC7-4B9E-B4A6-96DA0F00248B}.Debug|Mixed Platforms.Build.0 = Debug|Win32
		{78B079BD-9FC7-4B9E-B4A6-96DA0F00248B}.Debug|Win32.ActiveCfg = Debug|Win32
		{78B079BD-9FC7-4B9E-B4A6-96DA0F00248B}.Debug|Win32.Build.0 = Debug|Win32
		{78B079BD-9FC7-4B9E-B4A6-96DA0F00248B}.Debug|x64.ActiveCfg = Debug|x64
		{78B079BD-9FC7-4B9E-B4A6-96DA0F00248B}.Debug|x64.Build.0 = Debug|x64
		{78B079BD-9FC7-4B9E-B4A6-96DA0F00248B}.Debug|x86.ActiveCfg = Debug|Win32
		{78B079BD-9FC7-4B9E-B4A6-96DA0F00248B}.Debug|x86.Build.0 = Debug|Win32
		{78B079BD-9FC7-4B9E-B4A6-96DA0F00248B}.Release|Any CPU.ActiveCfg = Release|Win32
		{78B079BD-9FC7-4B9E-B4A6-96DA0F00248B}.Release|Any CPU.Build.0 = Release|Win32
		{78B079BD-9FC7-4B9E-B4A6-96DA0F00248B}.Release|ARM.ActiveCfg = Release|Win32
		{78B079BD-9FC7-4B9E-B4A6-96DA0F00248B}.Release|Mixed Platforms.ActiveCfg = Release|Win32
		{78B079BD-9FC7-4B9E-B4A6-96DA0F00248B}.Release|Mixed Platforms.Build.0 = Release|Win32
		{78B079BD-9FC7-4B9E-B4A6-96DA0F00248B}.Release|Win32.ActiveCfg = Release|Win32
		{78B079BD-9FC7-4B9E-B4A6-96DA0F00248B}.Release|Win32.Build.0 = Release|Win32
		{78B079BD-9FC7-4B9E-B4A6-96DA0F00248B}.Release|x64.ActiveCfg = Release|x64
		{78B079BD-9FC7-4B9E-B4A6-96DA0F00248B}.Release|x64.Build.0 = Release|x64
		{78B079BD-9FC7-4B9E-B4A6-96DA0F00248B}.Release|x86.ActiveCfg = Release|Win32
		{78B079BD-9FC7-4B9E-B4A6-96DA0F00248B}.Release|x86.Build.0 = Release|Win32
		{741995C8-4C24-4829-A51D-96921B73B257}.Debug|Any CPU.ActiveCfg = Debug|Any CPU
		{741995C8-4C24-4829-A51D-96921B73B257}.Debug|Any CPU.Build.0 = Debug|Any CPU
		{741995C8-4C24-4829-A51D-96921B73B257}.Debug|ARM.ActiveCfg = Debug|Any CPU
		{741995C8-4C24-4829-A51D-96921B73B257}.Debug|ARM.Build.0 = Debug|Any CPU
		{741995C8-4C24-4829-A51D-96921B73B257}.Debug|Mixed Platforms.ActiveCfg = Debug|Any CPU
		{741995C8-4C24-4829-A51D-96921B73B257}.Debug|Mixed Platforms.Build.0 = Debug|Any CPU
		{741995C8-4C24-4829-A51D-96921B73B257}.Debug|Win32.ActiveCfg = Debug|Any CPU
		{741995C8-4C24-4829-A51D-96921B73B257}.Debug|Win32.Build.0 = Debug|Any CPU
		{741995C8-4C24-4829-A51D-96921B73B257}.Debug|x64.ActiveCfg = Debug|Any CPU
		{741995C8-4C24-4829-A51D-96921B73B257}.Debug|x64.Build.0 = Debug|Any CPU
		{741995C8-4C24-4829-A51D-96921B73B257}.Debug|x86.ActiveCfg = Debug|Any CPU
		{741995C8-4C24-4829-A51D-96921B73B257}.Debug|x86.Build.0 = Debug|Any CPU
		{741995C8-4C24-4829-A51D-96921B73B257}.Release|Any CPU.ActiveCfg = Release|Any CPU
		{741995C8-4C24-4829-A51D-96921B73B257}.Release|Any CPU.Build.0 = Release|Any CPU
		{741995C8-4C24-4829-A51D-96921B73B257}.Release|ARM.ActiveCfg = Release|Any CPU
		{741995C8-4C24-4829-A51D-96921B73B257}.Release|ARM.Build.0 = Release|Any CPU
		{741995C8-4C24-4829-A51D-96921B73B257}.Release|Mixed Platforms.ActiveCfg = Release|Any CPU
		{741995C8-4C24-4829-A51D-96921B73B257}.Release|Mixed Platforms.Build.0 = Release|Any CPU
		{741995C8-4C24-4829-A51D-96921B73B257}.Release|Win32.ActiveCfg = Release|Any CPU
		{741995C8-4C24-4829-A51D-96921B73B257}.Release|Win32.Build.0 = Release|Any CPU
		{741995C8-4C24-4829-A51D-96921B73B257}.Release|x64.ActiveCfg = Release|Any CPU
		{741995C8-4C24-4829-A51D-96921B73B257}.Release|x64.Build.0 = Release|Any CPU
		{741995C8-4C24-4829-A51D-96921B73B257}.Release|x86.ActiveCfg = Release|Any CPU
		{741995C8-4C24-4829-A51D-96921B73B257}.Release|x86.Build.0 = Release|Any CPU
		{85035815-F858-484C-BBBF-BAD2DB2BEB93}.Debug|Any CPU.ActiveCfg = Debug|Any CPU
		{85035815-F858-484C-BBBF-BAD2DB2BEB93}.Debug|Any CPU.Build.0 = Debug|Any CPU
		{85035815-F858-484C-BBBF-BAD2DB2BEB93}.Debug|ARM.ActiveCfg = Debug|Any CPU
		{85035815-F858-484C-BBBF-BAD2DB2BEB93}.Debug|ARM.Build.0 = Debug|Any CPU
		{85035815-F858-484C-BBBF-BAD2DB2BEB93}.Debug|Mixed Platforms.ActiveCfg = Debug|Any CPU
		{85035815-F858-484C-BBBF-BAD2DB2BEB93}.Debug|Mixed Platforms.Build.0 = Debug|Any CPU
		{85035815-F858-484C-BBBF-BAD2DB2BEB93}.Debug|Win32.ActiveCfg = Debug|Any CPU
		{85035815-F858-484C-BBBF-BAD2DB2BEB93}.Debug|Win32.Build.0 = Debug|Any CPU
		{85035815-F858-484C-BBBF-BAD2DB2BEB93}.Debug|x64.ActiveCfg = Debug|Any CPU
		{85035815-F858-484C-BBBF-BAD2DB2BEB93}.Debug|x64.Build.0 = Debug|Any CPU
		{85035815-F858-484C-BBBF-BAD2DB2BEB93}.Debug|x86.ActiveCfg = Debug|Any CPU
		{85035815-F858-484C-BBBF-BAD2DB2BEB93}.Debug|x86.Build.0 = Debug|Any CPU
		{85035815-F858-484C-BBBF-BAD2DB2BEB93}.Release|Any CPU.ActiveCfg = Release|Any CPU
		{85035815-F858-484C-BBBF-BAD2DB2BEB93}.Release|Any CPU.Build.0 = Release|Any CPU
		{85035815-F858-484C-BBBF-BAD2DB2BEB93}.Release|ARM.ActiveCfg = Release|Any CPU
		{85035815-F858-484C-BBBF-BAD2DB2BEB93}.Release|ARM.Build.0 = Release|Any CPU
		{85035815-F858-484C-BBBF-BAD2DB2BEB93}.Release|Mixed Platforms.ActiveCfg = Release|Any CPU
		{85035815-F858-484C-BBBF-BAD2DB2BEB93}.Release|Mixed Platforms.Build.0 = Release|Any CPU
		{85035815-F858-484C-BBBF-BAD2DB2BEB93}.Release|Win32.ActiveCfg = Release|Any CPU
		{85035815-F858-484C-BBBF-BAD2DB2BEB93}.Release|Win32.Build.0 = Release|Any CPU
		{85035815-F858-484C-BBBF-BAD2DB2BEB93}.Release|x64.ActiveCfg = Release|Any CPU
		{85035815-F858-484C-BBBF-BAD2DB2BEB93}.Release|x64.Build.0 = Release|Any CPU
		{85035815-F858-484C-BBBF-BAD2DB2BEB93}.Release|x86.ActiveCfg = Release|Any CPU
		{85035815-F858-484C-BBBF-BAD2DB2BEB93}.Release|x86.Build.0 = Release|Any CPU
	EndGlobalSection
	GlobalSection(SolutionProperties) = preSolution
		HideSolutionNode = FALSE
	EndGlobalSection
	GlobalSection(NestedProjects) = preSolution
		{4AA3435B-C3E8-4231-8CFA-17FB0C20BBBD} = {5D290B69-83E1-4FF5-9218-61864989B879}
		{C9B5D82C-9367-44EA-881E-65AB29969616} = {5D290B69-83E1-4FF5-9218-61864989B879}
		{C0E161AA-D628-419A-9B78-E1CE2B596FAB} = {5D290B69-83E1-4FF5-9218-61864989B879}
		{E987F1F8-5AD6-4893-8672-DF2B8A2CA9DB} = {5D290B69-83E1-4FF5-9218-61864989B879}
		{78B079BD-9FC7-4B9E-B4A6-96DA0F00248B} = {5D290B69-83E1-4FF5-9218-61864989B879}
		{741995C8-4C24-4829-A51D-96921B73B257} = {44C3FE0B-59BA-4941-95DB-68037305C4B1}
	EndGlobalSection
EndGlobal
