
Microsoft Visual Studio Solution File, Format Version 12.00
# Visual Studio 15
VisualStudioVersion = 15.0.27130.2020
MinimumVisualStudioVersion = 10.0.40219.1
Project("{2150E333-8FDC-42A3-9474-1A3956D46DE8}") = "native", "native", "{5D290B69-83E1-4FF5-9218-61864989B879}"
EndProject
Project("{2150E333-8FDC-42A3-9474-1A3956D46DE8}") = "demos", "demos", "{44C3FE0B-59BA-4941-95DB-68037305C4B1}"
EndProject
Project("{8BC9CEB8-8B4A-11D0-8D11-00A0C91BC942}") = "cairo", "source\Native\projects\cairo\cairo.vcxproj", "{4AA3435B-C3E8-4231-8CFA-17FB0C20BBBD}"
	ProjectSection(ProjectDependencies) = postProject
		{C9B5D82C-9367-44EA-881E-65AB29969616} = {C9B5D82C-9367-44EA-881E-65AB29969616}
		{C0E161AA-D628-419A-9B78-E1CE2B596FAB} = {C0E161AA-D628-419A-9B78-E1CE2B596FAB}
		{78B079BD-9FC7-4B9E-B4A6-96DA0F00248B} = {78B079BD-9FC7-4B9E-B4A6-96DA0F00248B}
		{E987F1F8-5AD6-4893-8672-DF2B8A2CA9DB} = {E987F1F8-5AD6-4893-8672-DF2B8A2CA9DB}
	EndProjectSection
EndProject
Project("{8BC9CEB8-8B4A-11D0-8D11-00A0C91BC942}") = "libpng", "source\Native\projects\libpng\libpng.vcxproj", "{C9B5D82C-9367-44EA-881E-65AB29969616}"
EndProject
Project("{8BC9CEB8-8B4A-11D0-8D11-00A0C91BC942}") = "pixman", "source\Native\projects\pixman\pixman.vcxproj", "{C0E161AA-D628-419A-9B78-E1CE2B596FAB}"
EndProject
Project("{8BC9CEB8-8B4A-11D0-8D11-00A0C91BC942}") = "zlib", "source\Native\projects\zlib\zlib.vcxproj", "{E987F1F8-5AD6-4893-8672-DF2B8A2CA9DB}"
EndProject
Project("{8BC9CEB8-8B4A-11D0-8D11-00A0C91BC942}") = "freetype", "source\Native\freetype\builds\windows\vc2013\freetype.vcxproj", "{78B079BD-9FC7-4B9E-B4A6-96DA0F00248B}"
EndProject
Project("{9A19103F-16F7-4668-BE54-9A1E7A4F7556}") = "CairoSharp", "source\CairoSharp\CairoSharp.csproj", "{85035815-F858-484C-BBBF-BAD2DB2BEB93}"
	ProjectSection(ProjectDependencies) = postProject
		{4AA3435B-C3E8-4231-8CFA-17FB0C20BBBD} = {4AA3435B-C3E8-4231-8CFA-17FB0C20BBBD}
	EndProjectSection
EndProject
Project("{2150E333-8FDC-42A3-9474-1A3956D46DE8}") = "source", "source", "{3147D408-B279-4D93-8BC3-860A82593092}"
EndProject
Project("{2150E333-8FDC-42A3-9474-1A3956D46DE8}") = "Solution Items", "Solution Items", "{A4F7AE8E-7DC0-466C-8446-960560B58711}"
	ProjectSection(SolutionItems) = preProject
		.gitattributes = .gitattributes
		.gitignore = .gitignore
		LICENSE = LICENSE
		nuget.config = nuget.config
		README.md = README.md
	EndProjectSection
EndProject
Project("{FAE04EC0-301F-11D3-BF4B-00C04F79EFBC}") = "WinFormDemo", "demos\Windows\WinFormDemo\WinFormDemo.csproj", "{28622D6E-6648-4355-AA07-8ADFB8911F9C}"
EndProject
Project("{FAE04EC0-301F-11D3-BF4B-00C04F79EFBC}") = "WpfDemo", "demos\Windows\WpfDemo\WpfDemo.csproj", "{C2752B01-3DCA-41E0-8695-D036649D93D0}"
EndProject
Project("{FAE04EC0-301F-11D3-BF4B-00C04F79EFBC}") = "CairoSamples", "demos\Windows\CairoSamples\CairoSamples.csproj", "{3E1AA382-34CE-4525-8362-09DF80DD807B}"
EndProject
Project("{2150E333-8FDC-42A3-9474-1A3956D46DE8}") = "Windows", "Windows", "{796EFCFC-D2B8-4D3E-A4C6-24C5FAEA0C28}"
EndProject
Project("{2150E333-8FDC-42A3-9474-1A3956D46DE8}") = "stubs", "stubs", "{12F028EE-B05E-4E8A-8BCA-3B3A8667974C}"
	ProjectSection(SolutionItems) = preProject
		source\Native\stubs\ReadMe.md = source\Native\stubs\ReadMe.md
	EndProjectSection
EndProject
Project("{2150E333-8FDC-42A3-9474-1A3956D46DE8}") = "linux-x64", "linux-x64", "{14490FDB-3D83-4528-AA5A-D4A0E15AF88E}"
	ProjectSection(SolutionItems) = preProject
		source\Native\stubs\linux-x64\create.sh = source\Native\stubs\linux-x64\create.sh
		source\Native\stubs\linux-x64\libcairo.so = source\Native\stubs\linux-x64\libcairo.so
	EndProjectSection
EndProject
Project("{9A19103F-16F7-4668-BE54-9A1E7A4F7556}") = "CairoDemo", "demos\CairoDemo\CairoDemo.csproj", "{48DDFBF9-782E-4DE7-B47F-D4587B863819}"
EndProject
Project("{FAE04EC0-301F-11D3-BF4B-00C04F79EFBC}") = "CairoDemo.netFull", "demos\CairoDemo.netFull\CairoDemo.netFull.csproj", "{A5ABB6FF-478E-4151-B67F-CBC93429EC87}"
EndProject
Project("{2150E333-8FDC-42A3-9474-1A3956D46DE8}") = "linux-arm", "linux-arm", "{86EC6648-74C4-48F4-9F67-56C8BF066F76}"
	ProjectSection(SolutionItems) = preProject
		source\Native\stubs\linux-arm\create.sh = source\Native\stubs\linux-arm\create.sh
		source\Native\stubs\linux-arm\libcairo.so = source\Native\stubs\linux-arm\libcairo.so
	EndProjectSection
EndProject
Project("{FAE04EC0-301F-11D3-BF4B-00C04F79EFBC}") = "NativeLibraryCopier", "source\NativeLibraryCopier\NativeLibraryCopier.csproj", "{6A96AEF1-1ED8-4324-9B02-587CDD331077}"
EndProject
Project("{2150E333-8FDC-42A3-9474-1A3956D46DE8}") = "output", "output", "{CC9769D5-9C4A-4656-930D-23B0299F0A79}"
EndProject
Project("{2150E333-8FDC-42A3-9474-1A3956D46DE8}") = "bin", "bin", "{51E01912-BB8A-4AA7-9463-60F86C36CBA3}"
EndProject
Project("{2150E333-8FDC-42A3-9474-1A3956D46DE8}") = "win-x64", "win-x64", "{0487F8DA-72B1-45F3-A915-3DFE3E7352F2}"
	ProjectSection(SolutionItems) = preProject
		source\Native\Output\bin\win-x64\cairo.dll = source\Native\Output\bin\win-x64\cairo.dll
		source\Native\Output\bin\win-x64\cairo.ipdb = source\Native\Output\bin\win-x64\cairo.ipdb
		source\Native\Output\bin\win-x64\cairod.dll = source\Native\Output\bin\win-x64\cairod.dll
		source\Native\Output\bin\win-x64\cairod.pdb = source\Native\Output\bin\win-x64\cairod.pdb
	EndProjectSection
EndProject
Project("{2150E333-8FDC-42A3-9474-1A3956D46DE8}") = "win-x86", "win-x86", "{0FFC239A-6CCC-4A3B-B490-7D6D53EFF92B}"
	ProjectSection(SolutionItems) = preProject
		source\Native\Output\bin\win-x86\cairo.dll = source\Native\Output\bin\win-x86\cairo.dll
		source\Native\Output\bin\win-x86\cairo.pdb = source\Native\Output\bin\win-x86\cairo.pdb
		source\Native\Output\bin\win-x86\cairod.dll = source\Native\Output\bin\win-x86\cairod.dll
		source\Native\Output\bin\win-x86\cairod.pdb = source\Native\Output\bin\win-x86\cairod.pdb
	EndProjectSection
EndProject
Global
	GlobalSection(SolutionConfigurationPlatforms) = preSolution
		Debug|Any CPU = Debug|Any CPU
		Debug|x64 = Debug|x64
		Debug|x86 = Debug|x86
		Release|Any CPU = Release|Any CPU
		Release|x64 = Release|x64
		Release|x86 = Release|x86
	EndGlobalSection
	GlobalSection(ProjectConfigurationPlatforms) = postSolution
		{4AA3435B-C3E8-4231-8CFA-17FB0C20BBBD}.Debug|Any CPU.ActiveCfg = Debug|x64
		{4AA3435B-C3E8-4231-8CFA-17FB0C20BBBD}.Debug|Any CPU.Build.0 = Debug|x64
		{4AA3435B-C3E8-4231-8CFA-17FB0C20BBBD}.Debug|x64.ActiveCfg = Debug|x64
		{4AA3435B-C3E8-4231-8CFA-17FB0C20BBBD}.Debug|x64.Build.0 = Debug|x64
		{4AA3435B-C3E8-4231-8CFA-17FB0C20BBBD}.Debug|x86.ActiveCfg = Debug|Win32
		{4AA3435B-C3E8-4231-8CFA-17FB0C20BBBD}.Debug|x86.Build.0 = Debug|Win32
		{4AA3435B-C3E8-4231-8CFA-17FB0C20BBBD}.Release|Any CPU.ActiveCfg = Release|x64
		{4AA3435B-C3E8-4231-8CFA-17FB0C20BBBD}.Release|Any CPU.Build.0 = Release|x64
		{4AA3435B-C3E8-4231-8CFA-17FB0C20BBBD}.Release|x64.ActiveCfg = Release|x64
		{4AA3435B-C3E8-4231-8CFA-17FB0C20BBBD}.Release|x64.Build.0 = Release|x64
		{4AA3435B-C3E8-4231-8CFA-17FB0C20BBBD}.Release|x86.ActiveCfg = Release|Win32
		{4AA3435B-C3E8-4231-8CFA-17FB0C20BBBD}.Release|x86.Build.0 = Release|Win32
		{C9B5D82C-9367-44EA-881E-65AB29969616}.Debug|Any CPU.ActiveCfg = Debug|x64
		{C9B5D82C-9367-44EA-881E-65AB29969616}.Debug|Any CPU.Build.0 = Debug|x64
		{C9B5D82C-9367-44EA-881E-65AB29969616}.Debug|x64.ActiveCfg = Debug|x64
		{C9B5D82C-9367-44EA-881E-65AB29969616}.Debug|x64.Build.0 = Debug|x64
		{C9B5D82C-9367-44EA-881E-65AB29969616}.Debug|x86.ActiveCfg = Debug|Win32
		{C9B5D82C-9367-44EA-881E-65AB29969616}.Debug|x86.Build.0 = Debug|Win32
		{C9B5D82C-9367-44EA-881E-65AB29969616}.Release|Any CPU.ActiveCfg = Release|x64
		{C9B5D82C-9367-44EA-881E-65AB29969616}.Release|Any CPU.Build.0 = Release|x64
		{C9B5D82C-9367-44EA-881E-65AB29969616}.Release|x64.ActiveCfg = Release|x64
		{C9B5D82C-9367-44EA-881E-65AB29969616}.Release|x64.Build.0 = Release|x64
		{C9B5D82C-9367-44EA-881E-65AB29969616}.Release|x86.ActiveCfg = Release|Win32
		{C9B5D82C-9367-44EA-881E-65AB29969616}.Release|x86.Build.0 = Release|Win32
		{C0E161AA-D628-419A-9B78-E1CE2B596FAB}.Debug|Any CPU.ActiveCfg = Debug|x64
		{C0E161AA-D628-419A-9B78-E1CE2B596FAB}.Debug|Any CPU.Build.0 = Debug|x64
		{C0E161AA-D628-419A-9B78-E1CE2B596FAB}.Debug|x64.ActiveCfg = Debug|x64
		{C0E161AA-D628-419A-9B78-E1CE2B596FAB}.Debug|x64.Build.0 = Debug|x64
		{C0E161AA-D628-419A-9B78-E1CE2B596FAB}.Debug|x86.ActiveCfg = Debug|Win32
		{C0E161AA-D628-419A-9B78-E1CE2B596FAB}.Debug|x86.Build.0 = Debug|Win32
		{C0E161AA-D628-419A-9B78-E1CE2B596FAB}.Release|Any CPU.ActiveCfg = Release|x64
		{C0E161AA-D628-419A-9B78-E1CE2B596FAB}.Release|Any CPU.Build.0 = Release|x64
		{C0E161AA-D628-419A-9B78-E1CE2B596FAB}.Release|x64.ActiveCfg = Release|x64
		{C0E161AA-D628-419A-9B78-E1CE2B596FAB}.Release|x64.Build.0 = Release|x64
		{C0E161AA-D628-419A-9B78-E1CE2B596FAB}.Release|x86.ActiveCfg = Release|Win32
		{C0E161AA-D628-419A-9B78-E1CE2B596FAB}.Release|x86.Build.0 = Release|Win32
		{E987F1F8-5AD6-4893-8672-DF2B8A2CA9DB}.Debug|Any CPU.ActiveCfg = Debug|x64
		{E987F1F8-5AD6-4893-8672-DF2B8A2CA9DB}.Debug|Any CPU.Build.0 = Debug|x64
		{E987F1F8-5AD6-4893-8672-DF2B8A2CA9DB}.Debug|x64.ActiveCfg = Debug|x64
		{E987F1F8-5AD6-4893-8672-DF2B8A2CA9DB}.Debug|x64.Build.0 = Debug|x64
		{E987F1F8-5AD6-4893-8672-DF2B8A2CA9DB}.Debug|x86.ActiveCfg = Debug|Win32
		{E987F1F8-5AD6-4893-8672-DF2B8A2CA9DB}.Debug|x86.Build.0 = Debug|Win32
		{E987F1F8-5AD6-4893-8672-DF2B8A2CA9DB}.Release|Any CPU.ActiveCfg = Release|x64
		{E987F1F8-5AD6-4893-8672-DF2B8A2CA9DB}.Release|Any CPU.Build.0 = Release|x64
		{E987F1F8-5AD6-4893-8672-DF2B8A2CA9DB}.Release|x64.ActiveCfg = Release|x64
		{E987F1F8-5AD6-4893-8672-DF2B8A2CA9DB}.Release|x64.Build.0 = Release|x64
		{E987F1F8-5AD6-4893-8672-DF2B8A2CA9DB}.Release|x86.ActiveCfg = Release|Win32
		{E987F1F8-5AD6-4893-8672-DF2B8A2CA9DB}.Release|x86.Build.0 = Release|Win32
		{78B079BD-9FC7-4B9E-B4A6-96DA0F00248B}.Debug|Any CPU.ActiveCfg = Debug|x64
		{78B079BD-9FC7-4B9E-B4A6-96DA0F00248B}.Debug|Any CPU.Build.0 = Debug|x64
		{78B079BD-9FC7-4B9E-B4A6-96DA0F00248B}.Debug|x64.ActiveCfg = Debug|x64
		{78B079BD-9FC7-4B9E-B4A6-96DA0F00248B}.Debug|x64.Build.0 = Debug|x64
		{78B079BD-9FC7-4B9E-B4A6-96DA0F00248B}.Debug|x86.ActiveCfg = Debug|Win32
		{78B079BD-9FC7-4B9E-B4A6-96DA0F00248B}.Debug|x86.Build.0 = Debug|Win32
		{78B079BD-9FC7-4B9E-B4A6-96DA0F00248B}.Release|Any CPU.ActiveCfg = Release|x64
		{78B079BD-9FC7-4B9E-B4A6-96DA0F00248B}.Release|Any CPU.Build.0 = Release|x64
		{78B079BD-9FC7-4B9E-B4A6-96DA0F00248B}.Release|x64.ActiveCfg = Release|x64
		{78B079BD-9FC7-4B9E-B4A6-96DA0F00248B}.Release|x64.Build.0 = Release|x64
		{78B079BD-9FC7-4B9E-B4A6-96DA0F00248B}.Release|x86.ActiveCfg = Release|Win32
		{78B079BD-9FC7-4B9E-B4A6-96DA0F00248B}.Release|x86.Build.0 = Release|Win32
		{85035815-F858-484C-BBBF-BAD2DB2BEB93}.Debug|Any CPU.ActiveCfg = Debug|Any CPU
		{85035815-F858-484C-BBBF-BAD2DB2BEB93}.Debug|Any CPU.Build.0 = Debug|Any CPU
		{85035815-F858-484C-BBBF-BAD2DB2BEB93}.Debug|x64.ActiveCfg = Debug|Any CPU
		{85035815-F858-484C-BBBF-BAD2DB2BEB93}.Debug|x86.ActiveCfg = Debug|Any CPU
		{85035815-F858-484C-BBBF-BAD2DB2BEB93}.Release|Any CPU.ActiveCfg = Release|Any CPU
		{85035815-F858-484C-BBBF-BAD2DB2BEB93}.Release|Any CPU.Build.0 = Release|Any CPU
		{85035815-F858-484C-BBBF-BAD2DB2BEB93}.Release|x64.ActiveCfg = Release|Any CPU
		{85035815-F858-484C-BBBF-BAD2DB2BEB93}.Release|x86.ActiveCfg = Release|Any CPU
		{28622D6E-6648-4355-AA07-8ADFB8911F9C}.Debug|Any CPU.ActiveCfg = Debug|Any CPU
		{28622D6E-6648-4355-AA07-8ADFB8911F9C}.Debug|Any CPU.Build.0 = Debug|Any CPU
		{28622D6E-6648-4355-AA07-8ADFB8911F9C}.Debug|x64.ActiveCfg = Debug|Any CPU
		{28622D6E-6648-4355-AA07-8ADFB8911F9C}.Debug|x86.ActiveCfg = Debug|Any CPU
		{28622D6E-6648-4355-AA07-8ADFB8911F9C}.Release|Any CPU.ActiveCfg = Release|Any CPU
		{28622D6E-6648-4355-AA07-8ADFB8911F9C}.Release|Any CPU.Build.0 = Release|Any CPU
		{28622D6E-6648-4355-AA07-8ADFB8911F9C}.Release|x64.ActiveCfg = Release|Any CPU
		{28622D6E-6648-4355-AA07-8ADFB8911F9C}.Release|x86.ActiveCfg = Release|Any CPU
		{C2752B01-3DCA-41E0-8695-D036649D93D0}.Debug|Any CPU.ActiveCfg = Debug|Any CPU
		{C2752B01-3DCA-41E0-8695-D036649D93D0}.Debug|Any CPU.Build.0 = Debug|Any CPU
		{C2752B01-3DCA-41E0-8695-D036649D93D0}.Debug|x64.ActiveCfg = Debug|Any CPU
		{C2752B01-3DCA-41E0-8695-D036649D93D0}.Debug|x86.ActiveCfg = Debug|Any CPU
		{C2752B01-3DCA-41E0-8695-D036649D93D0}.Release|Any CPU.ActiveCfg = Release|Any CPU
		{C2752B01-3DCA-41E0-8695-D036649D93D0}.Release|Any CPU.Build.0 = Release|Any CPU
		{C2752B01-3DCA-41E0-8695-D036649D93D0}.Release|x64.ActiveCfg = Release|Any CPU
		{C2752B01-3DCA-41E0-8695-D036649D93D0}.Release|x86.ActiveCfg = Release|Any CPU
		{3E1AA382-34CE-4525-8362-09DF80DD807B}.Debug|Any CPU.ActiveCfg = Debug|Any CPU
		{3E1AA382-34CE-4525-8362-09DF80DD807B}.Debug|Any CPU.Build.0 = Debug|Any CPU
		{3E1AA382-34CE-4525-8362-09DF80DD807B}.Debug|x64.ActiveCfg = Debug|Any CPU
		{3E1AA382-34CE-4525-8362-09DF80DD807B}.Debug|x86.ActiveCfg = Debug|Any CPU
		{3E1AA382-34CE-4525-8362-09DF80DD807B}.Release|Any CPU.ActiveCfg = Release|Any CPU
		{3E1AA382-34CE-4525-8362-09DF80DD807B}.Release|Any CPU.Build.0 = Release|Any CPU
		{3E1AA382-34CE-4525-8362-09DF80DD807B}.Release|x64.ActiveCfg = Release|Any CPU
		{3E1AA382-34CE-4525-8362-09DF80DD807B}.Release|x86.ActiveCfg = Release|Any CPU
		{48DDFBF9-782E-4DE7-B47F-D4587B863819}.Debug|Any CPU.ActiveCfg = Debug|Any CPU
		{48DDFBF9-782E-4DE7-B47F-D4587B863819}.Debug|Any CPU.Build.0 = Debug|Any CPU
		{48DDFBF9-782E-4DE7-B47F-D4587B863819}.Debug|x64.ActiveCfg = Debug|Any CPU
		{48DDFBF9-782E-4DE7-B47F-D4587B863819}.Debug|x86.ActiveCfg = Debug|Any CPU
		{48DDFBF9-782E-4DE7-B47F-D4587B863819}.Release|Any CPU.ActiveCfg = Release|Any CPU
		{48DDFBF9-782E-4DE7-B47F-D4587B863819}.Release|Any CPU.Build.0 = Release|Any CPU
		{48DDFBF9-782E-4DE7-B47F-D4587B863819}.Release|x64.ActiveCfg = Release|Any CPU
		{48DDFBF9-782E-4DE7-B47F-D4587B863819}.Release|x86.ActiveCfg = Release|Any CPU
		{A5ABB6FF-478E-4151-B67F-CBC93429EC87}.Debug|Any CPU.ActiveCfg = Debug|Any CPU
		{A5ABB6FF-478E-4151-B67F-CBC93429EC87}.Debug|Any CPU.Build.0 = Debug|Any CPU
		{A5ABB6FF-478E-4151-B67F-CBC93429EC87}.Debug|x64.ActiveCfg = Debug|Any CPU
		{A5ABB6FF-478E-4151-B67F-CBC93429EC87}.Debug|x86.ActiveCfg = Debug|Any CPU
		{A5ABB6FF-478E-4151-B67F-CBC93429EC87}.Release|Any CPU.ActiveCfg = Release|Any CPU
		{A5ABB6FF-478E-4151-B67F-CBC93429EC87}.Release|Any CPU.Build.0 = Release|Any CPU
		{A5ABB6FF-478E-4151-B67F-CBC93429EC87}.Release|x64.ActiveCfg = Release|Any CPU
		{A5ABB6FF-478E-4151-B67F-CBC93429EC87}.Release|x86.ActiveCfg = Release|Any CPU
		{6A96AEF1-1ED8-4324-9B02-587CDD331077}.Debug|Any CPU.ActiveCfg = Debug|Any CPU
		{6A96AEF1-1ED8-4324-9B02-587CDD331077}.Debug|Any CPU.Build.0 = Debug|Any CPU
		{6A96AEF1-1ED8-4324-9B02-587CDD331077}.Debug|x64.ActiveCfg = Debug|Any CPU
		{6A96AEF1-1ED8-4324-9B02-587CDD331077}.Debug|x64.Build.0 = Debug|Any CPU
		{6A96AEF1-1ED8-4324-9B02-587CDD331077}.Debug|x86.ActiveCfg = Debug|Any CPU
		{6A96AEF1-1ED8-4324-9B02-587CDD331077}.Debug|x86.Build.0 = Debug|Any CPU
		{6A96AEF1-1ED8-4324-9B02-587CDD331077}.Release|Any CPU.ActiveCfg = Release|Any CPU
		{6A96AEF1-1ED8-4324-9B02-587CDD331077}.Release|Any CPU.Build.0 = Release|Any CPU
		{6A96AEF1-1ED8-4324-9B02-587CDD331077}.Release|x64.ActiveCfg = Release|Any CPU
		{6A96AEF1-1ED8-4324-9B02-587CDD331077}.Release|x64.Build.0 = Release|Any CPU
		{6A96AEF1-1ED8-4324-9B02-587CDD331077}.Release|x86.ActiveCfg = Release|Any CPU
		{6A96AEF1-1ED8-4324-9B02-587CDD331077}.Release|x86.Build.0 = Release|Any CPU
	EndGlobalSection
	GlobalSection(SolutionProperties) = preSolution
		HideSolutionNode = FALSE
	EndGlobalSection
	GlobalSection(NestedProjects) = preSolution
		{5D290B69-83E1-4FF5-9218-61864989B879} = {3147D408-B279-4D93-8BC3-860A82593092}
		{4AA3435B-C3E8-4231-8CFA-17FB0C20BBBD} = {5D290B69-83E1-4FF5-9218-61864989B879}
		{C9B5D82C-9367-44EA-881E-65AB29969616} = {5D290B69-83E1-4FF5-9218-61864989B879}
		{C0E161AA-D628-419A-9B78-E1CE2B596FAB} = {5D290B69-83E1-4FF5-9218-61864989B879}
		{E987F1F8-5AD6-4893-8672-DF2B8A2CA9DB} = {5D290B69-83E1-4FF5-9218-61864989B879}
		{78B079BD-9FC7-4B9E-B4A6-96DA0F00248B} = {5D290B69-83E1-4FF5-9218-61864989B879}
		{85035815-F858-484C-BBBF-BAD2DB2BEB93} = {3147D408-B279-4D93-8BC3-860A82593092}
		{28622D6E-6648-4355-AA07-8ADFB8911F9C} = {796EFCFC-D2B8-4D3E-A4C6-24C5FAEA0C28}
		{C2752B01-3DCA-41E0-8695-D036649D93D0} = {796EFCFC-D2B8-4D3E-A4C6-24C5FAEA0C28}
		{3E1AA382-34CE-4525-8362-09DF80DD807B} = {796EFCFC-D2B8-4D3E-A4C6-24C5FAEA0C28}
		{796EFCFC-D2B8-4D3E-A4C6-24C5FAEA0C28} = {44C3FE0B-59BA-4941-95DB-68037305C4B1}
		{12F028EE-B05E-4E8A-8BCA-3B3A8667974C} = {5D290B69-83E1-4FF5-9218-61864989B879}
		{14490FDB-3D83-4528-AA5A-D4A0E15AF88E} = {12F028EE-B05E-4E8A-8BCA-3B3A8667974C}
		{48DDFBF9-782E-4DE7-B47F-D4587B863819} = {44C3FE0B-59BA-4941-95DB-68037305C4B1}
		{A5ABB6FF-478E-4151-B67F-CBC93429EC87} = {44C3FE0B-59BA-4941-95DB-68037305C4B1}
		{86EC6648-74C4-48F4-9F67-56C8BF066F76} = {12F028EE-B05E-4E8A-8BCA-3B3A8667974C}
		{6A96AEF1-1ED8-4324-9B02-587CDD331077} = {3147D408-B279-4D93-8BC3-860A82593092}
		{CC9769D5-9C4A-4656-930D-23B0299F0A79} = {5D290B69-83E1-4FF5-9218-61864989B879}
		{51E01912-BB8A-4AA7-9463-60F86C36CBA3} = {CC9769D5-9C4A-4656-930D-23B0299F0A79}
		{0487F8DA-72B1-45F3-A915-3DFE3E7352F2} = {51E01912-BB8A-4AA7-9463-60F86C36CBA3}
		{0FFC239A-6CCC-4A3B-B490-7D6D53EFF92B} = {51E01912-BB8A-4AA7-9463-60F86C36CBA3}
	EndGlobalSection
	GlobalSection(ExtensibilityGlobals) = postSolution
		SolutionGuid = {BC48780D-A7F3-406F-83B9-9A4DB2A5DE76}
	EndGlobalSection
EndGlobal
