
Microsoft Visual Studio Solution File, Format Version 12.00
# Visual Studio 2013
VisualStudioVersion = 12.0.31101.0
MinimumVisualStudioVersion = 10.0.40219.1
Project("{FAE04EC0-301F-11D3-BF4B-00C04F79EFBC}") = "Cairo", "Cairo\Cairo.csproj", "{3C49A7E8-1708-4930-B741-8648848EC084}"
EndProject
Project("{2150E333-8FDC-42A3-9474-1A3956D46DE8}") = "NativeCairo", "NativeCairo", "{5D290B69-83E1-4FF5-9218-61864989B879}"
EndProject
Project("{8BC9CEB8-8B4A-11D0-8D11-00A0C91BC942}") = "cairo", "Native\projects\cairo\cairo.vcxproj", "{4AA3435B-C3E8-4231-8CFA-17FB0C20BBBD}"
	ProjectSection(ProjectDependencies) = postProject
		{C9B5D82C-9367-44EA-881E-65AB29969616} = {C9B5D82C-9367-44EA-881E-65AB29969616}
		{C0E161AA-D628-419A-9B78-E1CE2B596FAB} = {C0E161AA-D628-419A-9B78-E1CE2B596FAB}
		{78B079BD-9FC7-4B9E-B4A6-96DA0F00248B} = {78B079BD-9FC7-4B9E-B4A6-96DA0F00248B}
		{E987F1F8-5AD6-4893-8672-DF2B8A2CA9DB} = {E987F1F8-5AD6-4893-8672-DF2B8A2CA9DB}
	EndProjectSection
EndProject
Project("{8BC9CEB8-8B4A-11D0-8D11-00A0C91BC942}") = "libpng", "Native\projects\libpng\libpng.vcxproj", "{C9B5D82C-9367-44EA-881E-65AB29969616}"
EndProject
Project("{8BC9CEB8-8B4A-11D0-8D11-00A0C91BC942}") = "pixman", "Native\projects\pixman\pixman.vcxproj", "{C0E161AA-D628-419A-9B78-E1CE2B596FAB}"
EndProject
Project("{8BC9CEB8-8B4A-11D0-8D11-00A0C91BC942}") = "zlib", "Native\projects\zlib\zlib.vcxproj", "{E987F1F8-5AD6-4893-8672-DF2B8A2CA9DB}"
EndProject
Project("{8BC9CEB8-8B4A-11D0-8D11-00A0C91BC942}") = "freetype", "Native\freetype\builds\windows\vc2013\freetype.vcxproj", "{78B079BD-9FC7-4B9E-B4A6-96DA0F00248B}"
EndProject
Project("{2150E333-8FDC-42A3-9474-1A3956D46DE8}") = "Demo", "Demo", "{879DB88B-9FA2-40AE-864E-95DD38A04C03}"
EndProject
Project("{FAE04EC0-301F-11D3-BF4B-00C04F79EFBC}") = "CairoDrawToPngDemo", "Demo\CairoDrawToPngDemo\CairoDrawToPngDemo.csproj", "{82D0904D-490E-4E5F-9F60-2F0D1B49B060}"
EndProject
Project("{FAE04EC0-301F-11D3-BF4B-00C04F79EFBC}") = "CairoDrawOnWinFormWindowDemo", "Demo\CairoDrawOnWinFormWindowDemo\CairoDrawOnWinFormWindowDemo.csproj", "{3BBEC1E6-4ACE-41BC-B095-9319F2EA979D}"
EndProject
Project("{FAE04EC0-301F-11D3-BF4B-00C04F79EFBC}") = "CairoDrawPngFromMemory", "Demo\CairoDrawPngFromMemory\CairoDrawPngFromMemory.csproj", "{B3BD257F-4B1F-4BC1-AE18-6736248482F6}"
EndProject
Project("{FAE04EC0-301F-11D3-BF4B-00C04F79EFBC}") = "CairoSamples", "CairoSamples\CairoSamples.csproj", "{3E1AA382-34CE-4525-8362-09DF80DD807B}"
EndProject
Global
	GlobalSection(SolutionConfigurationPlatforms) = preSolution
		Debug|Any CPU = Debug|Any CPU
		Debug|Mixed Platforms = Debug|Mixed Platforms
		Release|Any CPU = Release|Any CPU
		Release|Mixed Platforms = Release|Mixed Platforms
	EndGlobalSection
	GlobalSection(ProjectConfigurationPlatforms) = postSolution
		{3C49A7E8-1708-4930-B741-8648848EC084}.Debug|Any CPU.ActiveCfg = Debug|Any CPU
		{3C49A7E8-1708-4930-B741-8648848EC084}.Debug|Any CPU.Build.0 = Debug|Any CPU
		{3C49A7E8-1708-4930-B741-8648848EC084}.Debug|Mixed Platforms.ActiveCfg = Debug|Any CPU
		{3C49A7E8-1708-4930-B741-8648848EC084}.Debug|Mixed Platforms.Build.0 = Debug|Any CPU
		{3C49A7E8-1708-4930-B741-8648848EC084}.Release|Any CPU.ActiveCfg = Release|Any CPU
		{3C49A7E8-1708-4930-B741-8648848EC084}.Release|Any CPU.Build.0 = Release|Any CPU
		{3C49A7E8-1708-4930-B741-8648848EC084}.Release|Mixed Platforms.ActiveCfg = Release|Any CPU
		{3C49A7E8-1708-4930-B741-8648848EC084}.Release|Mixed Platforms.Build.0 = Release|Any CPU
		{4AA3435B-C3E8-4231-8CFA-17FB0C20BBBD}.Debug|Any CPU.ActiveCfg = Debug|Win32
		{4AA3435B-C3E8-4231-8CFA-17FB0C20BBBD}.Debug|Any CPU.Build.0 = Debug|Win32
		{4AA3435B-C3E8-4231-8CFA-17FB0C20BBBD}.Debug|Mixed Platforms.ActiveCfg = Debug|Win32
		{4AA3435B-C3E8-4231-8CFA-17FB0C20BBBD}.Debug|Mixed Platforms.Build.0 = Debug|Win32
		{4AA3435B-C3E8-4231-8CFA-17FB0C20BBBD}.Release|Any CPU.ActiveCfg = Release|Win32
		{4AA3435B-C3E8-4231-8CFA-17FB0C20BBBD}.Release|Any CPU.Build.0 = Release|Win32
		{4AA3435B-C3E8-4231-8CFA-17FB0C20BBBD}.Release|Mixed Platforms.ActiveCfg = Release|Win32
		{4AA3435B-C3E8-4231-8CFA-17FB0C20BBBD}.Release|Mixed Platforms.Build.0 = Release|Win32
		{C9B5D82C-9367-44EA-881E-65AB29969616}.Debug|Any CPU.ActiveCfg = Debug|Win32
		{C9B5D82C-9367-44EA-881E-65AB29969616}.Debug|Any CPU.Build.0 = Debug|Win32
		{C9B5D82C-9367-44EA-881E-65AB29969616}.Debug|Mixed Platforms.ActiveCfg = Debug|Win32
		{C9B5D82C-9367-44EA-881E-65AB29969616}.Debug|Mixed Platforms.Build.0 = Debug|Win32
		{C9B5D82C-9367-44EA-881E-65AB29969616}.Release|Any CPU.ActiveCfg = Release|Win32
		{C9B5D82C-9367-44EA-881E-65AB29969616}.Release|Any CPU.Build.0 = Release|Win32
		{C9B5D82C-9367-44EA-881E-65AB29969616}.Release|Mixed Platforms.ActiveCfg = Release|Win32
		{C9B5D82C-9367-44EA-881E-65AB29969616}.Release|Mixed Platforms.Build.0 = Release|Win32
		{C0E161AA-D628-419A-9B78-E1CE2B596FAB}.Debug|Any CPU.ActiveCfg = Debug|Win32
		{C0E161AA-D628-419A-9B78-E1CE2B596FAB}.Debug|Any CPU.Build.0 = Debug|Win32
		{C0E161AA-D628-419A-9B78-E1CE2B596FAB}.Debug|Mixed Platforms.ActiveCfg = Debug|Win32
		{C0E161AA-D628-419A-9B78-E1CE2B596FAB}.Debug|Mixed Platforms.Build.0 = Debug|Win32
		{C0E161AA-D628-419A-9B78-E1CE2B596FAB}.Release|Any CPU.ActiveCfg = Release|Win32
		{C0E161AA-D628-419A-9B78-E1CE2B596FAB}.Release|Any CPU.Build.0 = Release|Win32
		{C0E161AA-D628-419A-9B78-E1CE2B596FAB}.Release|Mixed Platforms.ActiveCfg = Release|Win32
		{C0E161AA-D628-419A-9B78-E1CE2B596FAB}.Release|Mixed Platforms.Build.0 = Release|Win32
		{E987F1F8-5AD6-4893-8672-DF2B8A2CA9DB}.Debug|Any CPU.ActiveCfg = Debug|Win32
		{E987F1F8-5AD6-4893-8672-DF2B8A2CA9DB}.Debug|Any CPU.Build.0 = Debug|Win32
		{E987F1F8-5AD6-4893-8672-DF2B8A2CA9DB}.Debug|Mixed Platforms.ActiveCfg = Debug|Win32
		{E987F1F8-5AD6-4893-8672-DF2B8A2CA9DB}.Debug|Mixed Platforms.Build.0 = Debug|Win32
		{E987F1F8-5AD6-4893-8672-DF2B8A2CA9DB}.Release|Any CPU.ActiveCfg = Release|Win32
		{E987F1F8-5AD6-4893-8672-DF2B8A2CA9DB}.Release|Any CPU.Build.0 = Release|Win32
		{E987F1F8-5AD6-4893-8672-DF2B8A2CA9DB}.Release|Mixed Platforms.ActiveCfg = Release|Win32
		{E987F1F8-5AD6-4893-8672-DF2B8A2CA9DB}.Release|Mixed Platforms.Build.0 = Release|Win32
		{78B079BD-9FC7-4B9E-B4A6-96DA0F00248B}.Debug|Any CPU.ActiveCfg = Debug|Win32
		{78B079BD-9FC7-4B9E-B4A6-96DA0F00248B}.Debug|Any CPU.Build.0 = Debug|Win32
		{78B079BD-9FC7-4B9E-B4A6-96DA0F00248B}.Debug|Mixed Platforms.ActiveCfg = Debug|Win32
		{78B079BD-9FC7-4B9E-B4A6-96DA0F00248B}.Debug|Mixed Platforms.Build.0 = Debug|Win32
		{78B079BD-9FC7-4B9E-B4A6-96DA0F00248B}.Release|Any CPU.ActiveCfg = Release|Win32
		{78B079BD-9FC7-4B9E-B4A6-96DA0F00248B}.Release|Any CPU.Build.0 = Release|Win32
		{78B079BD-9FC7-4B9E-B4A6-96DA0F00248B}.Release|Mixed Platforms.ActiveCfg = Release|Win32
		{78B079BD-9FC7-4B9E-B4A6-96DA0F00248B}.Release|Mixed Platforms.Build.0 = Release|Win32
		{82D0904D-490E-4E5F-9F60-2F0D1B49B060}.Debug|Any CPU.ActiveCfg = Debug|Any CPU
		{82D0904D-490E-4E5F-9F60-2F0D1B49B060}.Debug|Any CPU.Build.0 = Debug|Any CPU
		{82D0904D-490E-4E5F-9F60-2F0D1B49B060}.Debug|Mixed Platforms.ActiveCfg = Debug|Any CPU
		{82D0904D-490E-4E5F-9F60-2F0D1B49B060}.Debug|Mixed Platforms.Build.0 = Debug|Any CPU
		{82D0904D-490E-4E5F-9F60-2F0D1B49B060}.Release|Any CPU.ActiveCfg = Release|Any CPU
		{82D0904D-490E-4E5F-9F60-2F0D1B49B060}.Release|Any CPU.Build.0 = Release|Any CPU
		{82D0904D-490E-4E5F-9F60-2F0D1B49B060}.Release|Mixed Platforms.ActiveCfg = Release|Any CPU
		{82D0904D-490E-4E5F-9F60-2F0D1B49B060}.Release|Mixed Platforms.Build.0 = Release|Any CPU
		{3BBEC1E6-4ACE-41BC-B095-9319F2EA979D}.Debug|Any CPU.ActiveCfg = Debug|Any CPU
		{3BBEC1E6-4ACE-41BC-B095-9319F2EA979D}.Debug|Any CPU.Build.0 = Debug|Any CPU
		{3BBEC1E6-4ACE-41BC-B095-9319F2EA979D}.Debug|Mixed Platforms.ActiveCfg = Debug|Any CPU
		{3BBEC1E6-4ACE-41BC-B095-9319F2EA979D}.Debug|Mixed Platforms.Build.0 = Debug|Any CPU
		{3BBEC1E6-4ACE-41BC-B095-9319F2EA979D}.Release|Any CPU.ActiveCfg = Release|Any CPU
		{3BBEC1E6-4ACE-41BC-B095-9319F2EA979D}.Release|Any CPU.Build.0 = Release|Any CPU
		{3BBEC1E6-4ACE-41BC-B095-9319F2EA979D}.Release|Mixed Platforms.ActiveCfg = Release|Any CPU
		{3BBEC1E6-4ACE-41BC-B095-9319F2EA979D}.Release|Mixed Platforms.Build.0 = Release|Any CPU
		{B3BD257F-4B1F-4BC1-AE18-6736248482F6}.Debug|Any CPU.ActiveCfg = Debug|Any CPU
		{B3BD257F-4B1F-4BC1-AE18-6736248482F6}.Debug|Any CPU.Build.0 = Debug|Any CPU
		{B3BD257F-4B1F-4BC1-AE18-6736248482F6}.Debug|Mixed Platforms.ActiveCfg = Debug|Any CPU
		{B3BD257F-4B1F-4BC1-AE18-6736248482F6}.Debug|Mixed Platforms.Build.0 = Debug|Any CPU
		{B3BD257F-4B1F-4BC1-AE18-6736248482F6}.Release|Any CPU.ActiveCfg = Release|Any CPU
		{B3BD257F-4B1F-4BC1-AE18-6736248482F6}.Release|Any CPU.Build.0 = Release|Any CPU
		{B3BD257F-4B1F-4BC1-AE18-6736248482F6}.Release|Mixed Platforms.ActiveCfg = Release|Any CPU
		{B3BD257F-4B1F-4BC1-AE18-6736248482F6}.Release|Mixed Platforms.Build.0 = Release|Any CPU
		{3E1AA382-34CE-4525-8362-09DF80DD807B}.Debug|Any CPU.ActiveCfg = Debug|Any CPU
		{3E1AA382-34CE-4525-8362-09DF80DD807B}.Debug|Any CPU.Build.0 = Debug|Any CPU
		{3E1AA382-34CE-4525-8362-09DF80DD807B}.Debug|Mixed Platforms.ActiveCfg = Debug|Any CPU
		{3E1AA382-34CE-4525-8362-09DF80DD807B}.Debug|Mixed Platforms.Build.0 = Debug|Any CPU
		{3E1AA382-34CE-4525-8362-09DF80DD807B}.Release|Any CPU.ActiveCfg = Release|Any CPU
		{3E1AA382-34CE-4525-8362-09DF80DD807B}.Release|Any CPU.Build.0 = Release|Any CPU
		{3E1AA382-34CE-4525-8362-09DF80DD807B}.Release|Mixed Platforms.ActiveCfg = Release|Any CPU
		{3E1AA382-34CE-4525-8362-09DF80DD807B}.Release|Mixed Platforms.Build.0 = Release|Any CPU
	EndGlobalSection
	GlobalSection(SolutionProperties) = preSolution
		HideSolutionNode = FALSE
	EndGlobalSection
	GlobalSection(NestedProjects) = preSolution
		{4AA3435B-C3E8-4231-8CFA-17FB0C20BBBD} = {5D290B69-83E1-4FF5-9218-61864989B879}
		{C9B5D82C-9367-44EA-881E-65AB29969616} = {5D290B69-83E1-4FF5-9218-61864989B879}
		{C0E161AA-D628-419A-9B78-E1CE2B596FAB} = {5D290B69-83E1-4FF5-9218-61864989B879}
		{E987F1F8-5AD6-4893-8672-DF2B8A2CA9DB} = {5D290B69-83E1-4FF5-9218-61864989B879}
		{78B079BD-9FC7-4B9E-B4A6-96DA0F00248B} = {5D290B69-83E1-4FF5-9218-61864989B879}
		{82D0904D-490E-4E5F-9F60-2F0D1B49B060} = {879DB88B-9FA2-40AE-864E-95DD38A04C03}
		{3BBEC1E6-4ACE-41BC-B095-9319F2EA979D} = {879DB88B-9FA2-40AE-864E-95DD38A04C03}
		{B3BD257F-4B1F-4BC1-AE18-6736248482F6} = {879DB88B-9FA2-40AE-864E-95DD38A04C03}
		{3E1AA382-34CE-4525-8362-09DF80DD807B} = {879DB88B-9FA2-40AE-864E-95DD38A04C03}
	EndGlobalSection
EndGlobal
